
Microsoft Visual Studio Solution File, Format Version 12.00
# Visual Studio Version 17
VisualStudioVersion = 17.9.34607.119
MinimumVisualStudioVersion = 10.0.40219.1
Project("{FAE04EC0-301F-11D3-BF4B-00C04F79EFBC}") = "Ecommerce", "Ecommerce\Ecommerce.csproj", "{96B59B5C-06F5-40AB-8D65-9CD6C8EA0695}"
EndProject
Project("{FAE04EC0-301F-11D3-BF4B-00C04F79EFBC}") = "EcommWebApi", "EcommWebApi\EcommWebApi.csproj", "{F6AD01F9-3682-451B-A342-51F27A3BCA5B}"
EndProject
Global
	GlobalSection(SolutionConfigurationPlatforms) = preSolution
		Debug|Any CPU = Debug|Any CPU
		Release|Any CPU = Release|Any CPU
	EndGlobalSection
	GlobalSection(ProjectConfigurationPlatforms) = postSolution
		{96B59B5C-06F5-40AB-8D65-9CD6C8EA0695}.Debug|Any CPU.ActiveCfg = Debug|Any CPU
		{96B59B5C-06F5-40AB-8D65-9CD6C8EA0695}.Debug|Any CPU.Build.0 = Debug|Any CPU
		{96B59B5C-06F5-40AB-8D65-9CD6C8EA0695}.Release|Any CPU.ActiveCfg = Release|Any CPU
		{96B59B5C-06F5-40AB-8D65-9CD6C8EA0695}.Release|Any CPU.Build.0 = Release|Any CPU
		{F6AD01F9-3682-451B-A342-51F27A3BCA5B}.Debug|Any CPU.ActiveCfg = Debug|Any CPU
		{F6AD01F9-3682-451B-A342-51F27A3BCA5B}.Debug|Any CPU.Build.0 = Debug|Any CPU
		{F6AD01F9-3682-451B-A342-51F27A3BCA5B}.Release|Any CPU.ActiveCfg = Release|Any CPU
		{F6AD01F9-3682-451B-A342-51F27A3BCA5B}.Release|Any CPU.Build.0 = Release|Any CPU
	EndGlobalSection
	GlobalSection(SolutionProperties) = preSolution
		HideSolutionNode = FALSE
	EndGlobalSection
	GlobalSection(ExtensibilityGlobals) = postSolution
		SolutionGuid = {FCE82E21-8794-4B16-BC0A-8FF4B7EE6389}
	EndGlobalSection
EndGlobal
